
Microsoft Visual Studio Solution File, Format Version 12.00
# Visual Studio Version 16
VisualStudioVersion = 16.0.28729.10
MinimumVisualStudioVersion = 10.0.40219.1
Project("{FAE04EC0-301F-11D3-BF4B-00C04F79EFBC}") = "BejeweledLive_1.0.3.resources.2", "BejeweledLive_1.0.3.resources.2\BejeweledLive_1.0.3.resources.2.csproj", "{2AC80A37-C2AD-4985-836A-9381E63F142D}"
EndProject
Project("{FAE04EC0-301F-11D3-BF4B-00C04F79EFBC}") = "BejeweledLive_1.0.3.resources.3", "BejeweledLive_1.0.3.resources.3\BejeweledLive_1.0.3.resources.3.csproj", "{2AC80A37-C2AD-4985-836A-9381E63F142B}"
EndProject
Project("{FAE04EC0-301F-11D3-BF4B-00C04F79EFBC}") = "BejeweledLive_1.0.3.resources.4", "BejeweledLive_1.0.3.resources.4\BejeweledLive_1.0.3.resources.4.csproj", "{2AC80A37-C2AD-4985-836A-9381E63F142E}"
EndProject
Project("{FAE04EC0-301F-11D3-BF4B-00C04F79EFBC}") = "BejeweledLive_1.0.3.resources", "BejeweledLive_1.0.3.resources\BejeweledLive_1.0.3.resources.csproj", "{2AC80A37-C2AD-4985-836A-9381E63F142C}"
EndProject
Project("{FAE04EC0-301F-11D3-BF4B-00C04F79EFBC}") = "BejeweledLive_1.0.3", "BejeweledLive_1.0.3\BejeweledLive_1.0.3.csproj", "{2AC80A37-C2AD-4985-836A-9381E63F142A}"
EndProject
Global
	GlobalSection(SolutionConfigurationPlatforms) = preSolution
		Debug|Any CPU = Debug|Any CPU
		Release|Any CPU = Release|Any CPU
	EndGlobalSection
	GlobalSection(ProjectConfigurationPlatforms) = postSolution
		{2AC80A37-C2AD-4985-836A-9381E63F142D}.Debug|Any CPU.ActiveCfg = Debug|Any CPU
		{2AC80A37-C2AD-4985-836A-9381E63F142D}.Debug|Any CPU.Build.0 = Debug|Any CPU
		{2AC80A37-C2AD-4985-836A-9381E63F142D}.Release|Any CPU.ActiveCfg = Release|Any CPU
		{2AC80A37-C2AD-4985-836A-9381E63F142D}.Release|Any CPU.Build.0 = Release|Any CPU
		{2AC80A37-C2AD-4985-836A-9381E63F142B}.Debug|Any CPU.ActiveCfg = Debug|Any CPU
		{2AC80A37-C2AD-4985-836A-9381E63F142B}.Debug|Any CPU.Build.0 = Debug|Any CPU
		{2AC80A37-C2AD-4985-836A-9381E63F142B}.Release|Any CPU.ActiveCfg = Release|Any CPU
		{2AC80A37-C2AD-4985-836A-9381E63F142B}.Release|Any CPU.Build.0 = Release|Any CPU
		{2AC80A37-C2AD-4985-836A-9381E63F142E}.Debug|Any CPU.ActiveCfg = Debug|Any CPU
		{2AC80A37-C2AD-4985-836A-9381E63F142E}.Debug|Any CPU.Build.0 = Debug|Any CPU
		{2AC80A37-C2AD-4985-836A-9381E63F142E}.Release|Any CPU.ActiveCfg = Release|Any CPU
		{2AC80A37-C2AD-4985-836A-9381E63F142E}.Release|Any CPU.Build.0 = Release|Any CPU
		{2AC80A37-C2AD-4985-836A-9381E63F142C}.Debug|Any CPU.ActiveCfg = Debug|Any CPU
		{2AC80A37-C2AD-4985-836A-9381E63F142C}.Debug|Any CPU.Build.0 = Debug|Any CPU
		{2AC80A37-C2AD-4985-836A-9381E63F142C}.Release|Any CPU.ActiveCfg = Release|Any CPU
		{2AC80A37-C2AD-4985-836A-9381E63F142C}.Release|Any CPU.Build.0 = Release|Any CPU
		{2AC80A37-C2AD-4985-836A-9381E63F142A}.Debug|Any CPU.ActiveCfg = Debug|Any CPU
		{2AC80A37-C2AD-4985-836A-9381E63F142A}.Debug|Any CPU.Build.0 = Debug|Any CPU
		{2AC80A37-C2AD-4985-836A-9381E63F142A}.Release|Any CPU.ActiveCfg = Release|Any CPU
		{2AC80A37-C2AD-4985-836A-9381E63F142A}.Release|Any CPU.Build.0 = Release|Any CPU
	EndGlobalSection
	GlobalSection(SolutionProperties) = preSolution
		HideSolutionNode = FALSE
	EndGlobalSection
EndGlobal
