
Microsoft Visual Studio Solution File, Format Version 12.00
# Visual Studio Version 16
VisualStudioVersion = 16.0.28729.10
MinimumVisualStudioVersion = 10.0.40219.1
Project("{FAE04EC0-301F-11D3-BF4B-00C04F79EFBC}") = "LAWN.resources.2", "LAWN.resources.2\LAWN.resources.2.csproj", "{18CC8DE6-77E3-404D-AC12-E5F507E8A10E}"
EndProject
Project("{FAE04EC0-301F-11D3-BF4B-00C04F79EFBC}") = "LAWN.resources.3", "LAWN.resources.3\LAWN.resources.3.csproj", "{18CC8DE6-77E3-404D-AC12-E5F507E8A10F}"
EndProject
Project("{FAE04EC0-301F-11D3-BF4B-00C04F79EFBC}") = "LAWN.resources.4", "LAWN.resources.4\LAWN.resources.4.csproj", "{18CC8DE6-77E3-404D-AC12-E5F507E8A110}"
EndProject
Project("{FAE04EC0-301F-11D3-BF4B-00C04F79EFBC}") = "LAWN.resources", "LAWN.resources\LAWN.resources.csproj", "{18CC8DE6-77E3-404D-AC12-E5F507E8A10D}"
EndProject
Project("{FAE04EC0-301F-11D3-BF4B-00C04F79EFBC}") = "LAWN", "LAWN\LAWN.csproj", "{18CC8DE6-77E3-404D-AC12-E5F507E8A111}"
EndProject
Global
	GlobalSection(SolutionConfigurationPlatforms) = preSolution
		Debug|Any CPU = Debug|Any CPU
		Release|Any CPU = Release|Any CPU
	EndGlobalSection
	GlobalSection(ProjectConfigurationPlatforms) = postSolution
		{18CC8DE6-77E3-404D-AC12-E5F507E8A10E}.Debug|Any CPU.ActiveCfg = Debug|Any CPU
		{18CC8DE6-77E3-404D-AC12-E5F507E8A10E}.Debug|Any CPU.Build.0 = Debug|Any CPU
		{18CC8DE6-77E3-404D-AC12-E5F507E8A10E}.Release|Any CPU.ActiveCfg = Release|Any CPU
		{18CC8DE6-77E3-404D-AC12-E5F507E8A10E}.Release|Any CPU.Build.0 = Release|Any CPU
		{18CC8DE6-77E3-404D-AC12-E5F507E8A10F}.Debug|Any CPU.ActiveCfg = Debug|Any CPU
		{18CC8DE6-77E3-404D-AC12-E5F507E8A10F}.Debug|Any CPU.Build.0 = Debug|Any CPU
		{18CC8DE6-77E3-404D-AC12-E5F507E8A10F}.Release|Any CPU.ActiveCfg = Release|Any CPU
		{18CC8DE6-77E3-404D-AC12-E5F507E8A10F}.Release|Any CPU.Build.0 = Release|Any CPU
		{18CC8DE6-77E3-404D-AC12-E5F507E8A110}.Debug|Any CPU.ActiveCfg = Debug|Any CPU
		{18CC8DE6-77E3-404D-AC12-E5F507E8A110}.Debug|Any CPU.Build.0 = Debug|Any CPU
		{18CC8DE6-77E3-404D-AC12-E5F507E8A110}.Release|Any CPU.ActiveCfg = Release|Any CPU
		{18CC8DE6-77E3-404D-AC12-E5F507E8A110}.Release|Any CPU.Build.0 = Release|Any CPU
		{18CC8DE6-77E3-404D-AC12-E5F507E8A10D}.Debug|Any CPU.ActiveCfg = Debug|Any CPU
		{18CC8DE6-77E3-404D-AC12-E5F507E8A10D}.Debug|Any CPU.Build.0 = Debug|Any CPU
		{18CC8DE6-77E3-404D-AC12-E5F507E8A10D}.Release|Any CPU.ActiveCfg = Release|Any CPU
		{18CC8DE6-77E3-404D-AC12-E5F507E8A10D}.Release|Any CPU.Build.0 = Release|Any CPU
		{18CC8DE6-77E3-404D-AC12-E5F507E8A111}.Debug|Any CPU.ActiveCfg = Debug|Any CPU
		{18CC8DE6-77E3-404D-AC12-E5F507E8A111}.Debug|Any CPU.Build.0 = Debug|Any CPU
		{18CC8DE6-77E3-404D-AC12-E5F507E8A111}.Release|Any CPU.ActiveCfg = Release|Any CPU
		{18CC8DE6-77E3-404D-AC12-E5F507E8A111}.Release|Any CPU.Build.0 = Release|Any CPU
	EndGlobalSection
	GlobalSection(SolutionProperties) = preSolution
		HideSolutionNode = FALSE
	EndGlobalSection
EndGlobal
